
Microsoft Visual Studio Solution File, Format Version 12.00
# Visual Studio Version 16
VisualStudioVersion = 16.0.29709.97
MinimumVisualStudioVersion = 10.0.40219.1
Project("{2150E333-8FDC-42A3-9474-1A3956D46DE8}") = "2.Services", "2.Services", "{522E36B1-C648-49B8-97E5-FBF7FC223AA0}"
EndProject
Project("{2150E333-8FDC-42A3-9474-1A3956D46DE8}") = "1.Application", "1.Application", "{B9C694B6-7385-479F-90CF-C5FE6CD847F4}"
EndProject
Project("{9A19103F-16F7-4668-BE54-9A1E7A4F7556}") = "HostsManager.Services", "Services\HostsManager.Services\HostsManager.Services.csproj", "{137E118A-1CED-467F-9B83-D9106808DB69}"
EndProject
Project("{9A19103F-16F7-4668-BE54-9A1E7A4F7556}") = "HostManager.ConsoleApplication", "Application\HostManager.ConsoleApplication\HostManager.ConsoleApplication.csproj", "{B50E729C-6F09-47AF-91B9-54B485180248}"
EndProject
Project("{FAE04EC0-301F-11D3-BF4B-00C04F79EFBC}") = "HostsManager.Application.WPF", "Application\HostsManager.Application.WPF\HostsManager.Application.WPF.csproj", "{193A7646-7F6D-467A-B27C-44744C165045}"
EndProject
Global
	GlobalSection(SolutionConfigurationPlatforms) = preSolution
		Debug|Any CPU = Debug|Any CPU
		Debug|ARM = Debug|ARM
		Debug|ARM64 = Debug|ARM64
		Debug|x64 = Debug|x64
		Debug|x86 = Debug|x86
		Release|Any CPU = Release|Any CPU
		Release|ARM = Release|ARM
		Release|ARM64 = Release|ARM64
		Release|x64 = Release|x64
		Release|x86 = Release|x86
	EndGlobalSection
	GlobalSection(ProjectConfigurationPlatforms) = postSolution
		{137E118A-1CED-467F-9B83-D9106808DB69}.Debug|Any CPU.ActiveCfg = Debug|Any CPU
		{137E118A-1CED-467F-9B83-D9106808DB69}.Debug|Any CPU.Build.0 = Debug|Any CPU
		{137E118A-1CED-467F-9B83-D9106808DB69}.Debug|ARM.ActiveCfg = Debug|Any CPU
		{137E118A-1CED-467F-9B83-D9106808DB69}.Debug|ARM.Build.0 = Debug|Any CPU
		{137E118A-1CED-467F-9B83-D9106808DB69}.Debug|ARM64.ActiveCfg = Debug|Any CPU
		{137E118A-1CED-467F-9B83-D9106808DB69}.Debug|ARM64.Build.0 = Debug|Any CPU
		{137E118A-1CED-467F-9B83-D9106808DB69}.Debug|x64.ActiveCfg = Debug|Any CPU
		{137E118A-1CED-467F-9B83-D9106808DB69}.Debug|x64.Build.0 = Debug|Any CPU
		{137E118A-1CED-467F-9B83-D9106808DB69}.Debug|x86.ActiveCfg = Debug|Any CPU
		{137E118A-1CED-467F-9B83-D9106808DB69}.Debug|x86.Build.0 = Debug|Any CPU
		{137E118A-1CED-467F-9B83-D9106808DB69}.Release|Any CPU.ActiveCfg = Release|Any CPU
		{137E118A-1CED-467F-9B83-D9106808DB69}.Release|Any CPU.Build.0 = Release|Any CPU
		{137E118A-1CED-467F-9B83-D9106808DB69}.Release|ARM.ActiveCfg = Release|Any CPU
		{137E118A-1CED-467F-9B83-D9106808DB69}.Release|ARM.Build.0 = Release|Any CPU
		{137E118A-1CED-467F-9B83-D9106808DB69}.Release|ARM64.ActiveCfg = Release|Any CPU
		{137E118A-1CED-467F-9B83-D9106808DB69}.Release|ARM64.Build.0 = Release|Any CPU
		{137E118A-1CED-467F-9B83-D9106808DB69}.Release|x64.ActiveCfg = Release|Any CPU
		{137E118A-1CED-467F-9B83-D9106808DB69}.Release|x64.Build.0 = Release|Any CPU
		{137E118A-1CED-467F-9B83-D9106808DB69}.Release|x86.ActiveCfg = Release|Any CPU
		{137E118A-1CED-467F-9B83-D9106808DB69}.Release|x86.Build.0 = Release|Any CPU
		{B50E729C-6F09-47AF-91B9-54B485180248}.Debug|Any CPU.ActiveCfg = Debug|Any CPU
		{B50E729C-6F09-47AF-91B9-54B485180248}.Debug|Any CPU.Build.0 = Debug|Any CPU
		{B50E729C-6F09-47AF-91B9-54B485180248}.Debug|ARM.ActiveCfg = Debug|Any CPU
		{B50E729C-6F09-47AF-91B9-54B485180248}.Debug|ARM.Build.0 = Debug|Any CPU
		{B50E729C-6F09-47AF-91B9-54B485180248}.Debug|ARM64.ActiveCfg = Debug|Any CPU
		{B50E729C-6F09-47AF-91B9-54B485180248}.Debug|ARM64.Build.0 = Debug|Any CPU
		{B50E729C-6F09-47AF-91B9-54B485180248}.Debug|x64.ActiveCfg = Debug|Any CPU
		{B50E729C-6F09-47AF-91B9-54B485180248}.Debug|x64.Build.0 = Debug|Any CPU
		{B50E729C-6F09-47AF-91B9-54B485180248}.Debug|x86.ActiveCfg = Debug|Any CPU
		{B50E729C-6F09-47AF-91B9-54B485180248}.Debug|x86.Build.0 = Debug|Any CPU
		{B50E729C-6F09-47AF-91B9-54B485180248}.Release|Any CPU.ActiveCfg = Release|Any CPU
		{B50E729C-6F09-47AF-91B9-54B485180248}.Release|Any CPU.Build.0 = Release|Any CPU
		{B50E729C-6F09-47AF-91B9-54B485180248}.Release|ARM.ActiveCfg = Release|Any CPU
		{B50E729C-6F09-47AF-91B9-54B485180248}.Release|ARM.Build.0 = Release|Any CPU
		{B50E729C-6F09-47AF-91B9-54B485180248}.Release|ARM64.ActiveCfg = Release|Any CPU
		{B50E729C-6F09-47AF-91B9-54B485180248}.Release|ARM64.Build.0 = Release|Any CPU
		{B50E729C-6F09-47AF-91B9-54B485180248}.Release|x64.ActiveCfg = Release|Any CPU
		{B50E729C-6F09-47AF-91B9-54B485180248}.Release|x64.Build.0 = Release|Any CPU
		{B50E729C-6F09-47AF-91B9-54B485180248}.Release|x86.ActiveCfg = Release|Any CPU
		{B50E729C-6F09-47AF-91B9-54B485180248}.Release|x86.Build.0 = Release|Any CPU
		{193A7646-7F6D-467A-B27C-44744C165045}.Debug|Any CPU.ActiveCfg = Debug|Any CPU
		{193A7646-7F6D-467A-B27C-44744C165045}.Debug|Any CPU.Build.0 = Debug|Any CPU
		{193A7646-7F6D-467A-B27C-44744C165045}.Debug|ARM.ActiveCfg = Debug|Any CPU
		{193A7646-7F6D-467A-B27C-44744C165045}.Debug|ARM.Build.0 = Debug|Any CPU
		{193A7646-7F6D-467A-B27C-44744C165045}.Debug|ARM64.ActiveCfg = Debug|Any CPU
		{193A7646-7F6D-467A-B27C-44744C165045}.Debug|ARM64.Build.0 = Debug|Any CPU
		{193A7646-7F6D-467A-B27C-44744C165045}.Debug|x64.ActiveCfg = Debug|Any CPU
		{193A7646-7F6D-467A-B27C-44744C165045}.Debug|x64.Build.0 = Debug|Any CPU
		{193A7646-7F6D-467A-B27C-44744C165045}.Debug|x86.ActiveCfg = Debug|Any CPU
		{193A7646-7F6D-467A-B27C-44744C165045}.Debug|x86.Build.0 = Debug|Any CPU
		{193A7646-7F6D-467A-B27C-44744C165045}.Release|Any CPU.ActiveCfg = Release|Any CPU
		{193A7646-7F6D-467A-B27C-44744C165045}.Release|Any CPU.Build.0 = Release|Any CPU
		{193A7646-7F6D-467A-B27C-44744C165045}.Release|ARM.ActiveCfg = Release|Any CPU
		{193A7646-7F6D-467A-B27C-44744C165045}.Release|ARM.Build.0 = Release|Any CPU
		{193A7646-7F6D-467A-B27C-44744C165045}.Release|ARM64.ActiveCfg = Release|Any CPU
		{193A7646-7F6D-467A-B27C-44744C165045}.Release|ARM64.Build.0 = Release|Any CPU
		{193A7646-7F6D-467A-B27C-44744C165045}.Release|x64.ActiveCfg = Release|Any CPU
		{193A7646-7F6D-467A-B27C-44744C165045}.Release|x64.Build.0 = Release|Any CPU
		{193A7646-7F6D-467A-B27C-44744C165045}.Release|x86.ActiveCfg = Release|Any CPU
		{193A7646-7F6D-467A-B27C-44744C165045}.Release|x86.Build.0 = Release|Any CPU
	EndGlobalSection
	GlobalSection(SolutionProperties) = preSolution
		HideSolutionNode = FALSE
	EndGlobalSection
	GlobalSection(NestedProjects) = preSolution
		{137E118A-1CED-467F-9B83-D9106808DB69} = {522E36B1-C648-49B8-97E5-FBF7FC223AA0}
		{B50E729C-6F09-47AF-91B9-54B485180248} = {B9C694B6-7385-479F-90CF-C5FE6CD847F4}
		{193A7646-7F6D-467A-B27C-44744C165045} = {B9C694B6-7385-479F-90CF-C5FE6CD847F4}
	EndGlobalSection
	GlobalSection(ExtensibilityGlobals) = postSolution
		SolutionGuid = {A8464731-F79F-4079-B24F-5658D10B82F7}
	EndGlobalSection
EndGlobal
